
Microsoft Visual Studio Solution File, Format Version 12.00
# Visual Studio Version 17
VisualStudioVersion = 17.7.34031.279
MinimumVisualStudioVersion = 10.0.40219.1
Project("{9A19103F-16F7-4668-BE54-9A1E7A4F7556}") = "PlatformService", "PlatformService\PlatformService.csproj", "{8DE10026-8F60-48E9-B393-1A8D46323C18}"
EndProject
Project("{2150E333-8FDC-42A3-9474-1A3956D46DE8}") = "K8S", "K8S", "{67A53A32-9D73-4AF6-B167-807A2D8969A0}"
	ProjectSection(SolutionItems) = preProject
		commands-depl.yaml = commands-depl.yaml
		ingress-srv.yaml = ingress-srv.yaml
		local-pvc.yaml = local-pvc.yaml
		mssql-plat-depl.yaml = mssql-plat-depl.yaml
		platforms-depl.yaml = platforms-depl.yaml
		platforms-np-srv.yaml = platforms-np-srv.yaml
		rabbitmq-depl.yaml = rabbitmq-depl.yaml
	EndProjectSection
EndProject
Project("{9A19103F-16F7-4668-BE54-9A1E7A4F7556}") = "CommandsService", "CommandsService\CommandsService.csproj", "{FB44E982-B95E-46B5-A82B-90F8C261F0B1}"
EndProject
Global
	GlobalSection(SolutionConfigurationPlatforms) = preSolution
		Debug|Any CPU = Debug|Any CPU
		Release|Any CPU = Release|Any CPU
	EndGlobalSection
	GlobalSection(ProjectConfigurationPlatforms) = postSolution
		{8DE10026-8F60-48E9-B393-1A8D46323C18}.Debug|Any CPU.ActiveCfg = Debug|Any CPU
		{8DE10026-8F60-48E9-B393-1A8D46323C18}.Debug|Any CPU.Build.0 = Debug|Any CPU
		{8DE10026-8F60-48E9-B393-1A8D46323C18}.Release|Any CPU.ActiveCfg = Release|Any CPU
		{8DE10026-8F60-48E9-B393-1A8D46323C18}.Release|Any CPU.Build.0 = Release|Any CPU
		{FB44E982-B95E-46B5-A82B-90F8C261F0B1}.Debug|Any CPU.ActiveCfg = Debug|Any CPU
		{FB44E982-B95E-46B5-A82B-90F8C261F0B1}.Debug|Any CPU.Build.0 = Debug|Any CPU
		{FB44E982-B95E-46B5-A82B-90F8C261F0B1}.Release|Any CPU.ActiveCfg = Release|Any CPU
		{FB44E982-B95E-46B5-A82B-90F8C261F0B1}.Release|Any CPU.Build.0 = Release|Any CPU
	EndGlobalSection
	GlobalSection(SolutionProperties) = preSolution
		HideSolutionNode = FALSE
	EndGlobalSection
	GlobalSection(ExtensibilityGlobals) = postSolution
		SolutionGuid = {3691A35A-5EA1-47C5-BA88-43A92464789A}
	EndGlobalSection
EndGlobal
